
Microsoft Visual Studio Solution File, Format Version 12.00
# Visual Studio 2013
VisualStudioVersion = 12.0.21005.1
MinimumVisualStudioVersion = 10.0.40219.1
Project("{FAE04EC0-301F-11D3-BF4B-00C04F79EFBC}") = "Slick Updater Beta", "SlickUpdater\Slick Updater Beta.csproj", "{4C3D216C-10EA-4EA8-96FC-AC269F80C9A7}"
EndProject
Global
	GlobalSection(SolutionConfigurationPlatforms) = preSolution
		OfflineBuild|Any CPU = OfflineBuild|Any CPU
		OnlineBuild|Any CPU = OnlineBuild|Any CPU
	EndGlobalSection
	GlobalSection(ProjectConfigurationPlatforms) = postSolution
		{4C3D216C-10EA-4EA8-96FC-AC269F80C9A7}.OfflineBuild|Any CPU.ActiveCfg = Debug|Any CPU
		{4C3D216C-10EA-4EA8-96FC-AC269F80C9A7}.OfflineBuild|Any CPU.Build.0 = Debug|Any CPU
		{4C3D216C-10EA-4EA8-96FC-AC269F80C9A7}.OnlineBuild|Any CPU.ActiveCfg = Release|Any CPU
		{4C3D216C-10EA-4EA8-96FC-AC269F80C9A7}.OnlineBuild|Any CPU.Build.0 = Release|Any CPU
	EndGlobalSection
	GlobalSection(SolutionProperties) = preSolution
		HideSolutionNode = FALSE
	EndGlobalSection
EndGlobal
